
Microsoft Visual Studio Solution File, Format Version 12.00
# Visual Studio Version 17
VisualStudioVersion = 17.2.32516.85
MinimumVisualStudioVersion = 10.0.40219.1
Project("{9A19103F-16F7-4668-BE54-9A1E7A4F7556}") = "Task10.Translater", "Task10\Task10.Translater.csproj", "{2E5C3E0F-EAEE-4E9A-9CEB-8DB52781FA69}"
EndProject
Project("{9A19103F-16F7-4668-BE54-9A1E7A4F7556}") = "Task10.Matrix", "Task10.Matrix\Task10.Matrix.csproj", "{31DA684C-596D-45D1-8010-5690C064AAFC}"
EndProject
Global
	GlobalSection(SolutionConfigurationPlatforms) = preSolution
		Debug|Any CPU = Debug|Any CPU
		Release|Any CPU = Release|Any CPU
	EndGlobalSection
	GlobalSection(ProjectConfigurationPlatforms) = postSolution
		{2E5C3E0F-EAEE-4E9A-9CEB-8DB52781FA69}.Debug|Any CPU.ActiveCfg = Debug|Any CPU
		{2E5C3E0F-EAEE-4E9A-9CEB-8DB52781FA69}.Debug|Any CPU.Build.0 = Debug|Any CPU
		{2E5C3E0F-EAEE-4E9A-9CEB-8DB52781FA69}.Release|Any CPU.ActiveCfg = Release|Any CPU
		{2E5C3E0F-EAEE-4E9A-9CEB-8DB52781FA69}.Release|Any CPU.Build.0 = Release|Any CPU
		{31DA684C-596D-45D1-8010-5690C064AAFC}.Debug|Any CPU.ActiveCfg = Debug|Any CPU
		{31DA684C-596D-45D1-8010-5690C064AAFC}.Debug|Any CPU.Build.0 = Debug|Any CPU
		{31DA684C-596D-45D1-8010-5690C064AAFC}.Release|Any CPU.ActiveCfg = Release|Any CPU
		{31DA684C-596D-45D1-8010-5690C064AAFC}.Release|Any CPU.Build.0 = Release|Any CPU
	EndGlobalSection
	GlobalSection(SolutionProperties) = preSolution
		HideSolutionNode = FALSE
	EndGlobalSection
	GlobalSection(ExtensibilityGlobals) = postSolution
		SolutionGuid = {26A0CD00-0F28-495C-93EC-A25E5ECD6F04}
	EndGlobalSection
EndGlobal
